
Microsoft Visual Studio Solution File, Format Version 12.00
# Visual Studio 14
VisualStudioVersion = 14.0.25123.0
MinimumVisualStudioVersion = 10.0.40219.1
Project("{FAE04EC0-301F-11D3-BF4B-00C04F79EFBC}") = "TagEditor.Tests", "TagEditor.Tests\TagEditor.Tests.csproj", "{2FB0A5FD-C807-43BE-808B-C86797B9A13D}"
EndProject
Project("{FAE04EC0-301F-11D3-BF4B-00C04F79EFBC}") = "TagEditor.GUI", "TagEditor.GUI\TagEditor.GUI.csproj", "{C937DC87-21E3-4FB2-B8B5-E68D0EB5F6D8}"
EndProject
Project("{FAE04EC0-301F-11D3-BF4B-00C04F79EFBC}") = "TagEditor.Core", "TagEditor.Core\TagEditor.Core.csproj", "{3E9E6F4C-2893-4148-8424-F1D15E806E8E}"
EndProject
Global
	GlobalSection(SolutionConfigurationPlatforms) = preSolution
		Debug|Any CPU = Debug|Any CPU
		Debug|ARM = Debug|ARM
		Debug|x64 = Debug|x64
		Debug|x86 = Debug|x86
		Release|Any CPU = Release|Any CPU
		Release|ARM = Release|ARM
		Release|x64 = Release|x64
		Release|x86 = Release|x86
	EndGlobalSection
	GlobalSection(ProjectConfigurationPlatforms) = postSolution
		{2FB0A5FD-C807-43BE-808B-C86797B9A13D}.Debug|Any CPU.ActiveCfg = Debug|Any CPU
		{2FB0A5FD-C807-43BE-808B-C86797B9A13D}.Debug|Any CPU.Build.0 = Debug|Any CPU
		{2FB0A5FD-C807-43BE-808B-C86797B9A13D}.Debug|ARM.ActiveCfg = Debug|Any CPU
		{2FB0A5FD-C807-43BE-808B-C86797B9A13D}.Debug|ARM.Build.0 = Debug|Any CPU
		{2FB0A5FD-C807-43BE-808B-C86797B9A13D}.Debug|x64.ActiveCfg = Debug|Any CPU
		{2FB0A5FD-C807-43BE-808B-C86797B9A13D}.Debug|x64.Build.0 = Debug|Any CPU
		{2FB0A5FD-C807-43BE-808B-C86797B9A13D}.Debug|x86.ActiveCfg = Debug|Any CPU
		{2FB0A5FD-C807-43BE-808B-C86797B9A13D}.Debug|x86.Build.0 = Debug|Any CPU
		{2FB0A5FD-C807-43BE-808B-C86797B9A13D}.Release|Any CPU.ActiveCfg = Release|Any CPU
		{2FB0A5FD-C807-43BE-808B-C86797B9A13D}.Release|Any CPU.Build.0 = Release|Any CPU
		{2FB0A5FD-C807-43BE-808B-C86797B9A13D}.Release|ARM.ActiveCfg = Release|Any CPU
		{2FB0A5FD-C807-43BE-808B-C86797B9A13D}.Release|ARM.Build.0 = Release|Any CPU
		{2FB0A5FD-C807-43BE-808B-C86797B9A13D}.Release|x64.ActiveCfg = Release|Any CPU
		{2FB0A5FD-C807-43BE-808B-C86797B9A13D}.Release|x64.Build.0 = Release|Any CPU
		{2FB0A5FD-C807-43BE-808B-C86797B9A13D}.Release|x86.ActiveCfg = Release|Any CPU
		{2FB0A5FD-C807-43BE-808B-C86797B9A13D}.Release|x86.Build.0 = Release|Any CPU
		{C937DC87-21E3-4FB2-B8B5-E68D0EB5F6D8}.Debug|Any CPU.ActiveCfg = Debug|x86
		{C937DC87-21E3-4FB2-B8B5-E68D0EB5F6D8}.Debug|ARM.ActiveCfg = Debug|ARM
		{C937DC87-21E3-4FB2-B8B5-E68D0EB5F6D8}.Debug|ARM.Build.0 = Debug|ARM
		{C937DC87-21E3-4FB2-B8B5-E68D0EB5F6D8}.Debug|ARM.Deploy.0 = Debug|ARM
		{C937DC87-21E3-4FB2-B8B5-E68D0EB5F6D8}.Debug|x64.ActiveCfg = Debug|x64
		{C937DC87-21E3-4FB2-B8B5-E68D0EB5F6D8}.Debug|x64.Build.0 = Debug|x64
		{C937DC87-21E3-4FB2-B8B5-E68D0EB5F6D8}.Debug|x64.Deploy.0 = Debug|x64
		{C937DC87-21E3-4FB2-B8B5-E68D0EB5F6D8}.Debug|x86.ActiveCfg = Debug|x86
		{C937DC87-21E3-4FB2-B8B5-E68D0EB5F6D8}.Debug|x86.Build.0 = Debug|x86
		{C937DC87-21E3-4FB2-B8B5-E68D0EB5F6D8}.Debug|x86.Deploy.0 = Debug|x86
		{C937DC87-21E3-4FB2-B8B5-E68D0EB5F6D8}.Release|Any CPU.ActiveCfg = Release|x86
		{C937DC87-21E3-4FB2-B8B5-E68D0EB5F6D8}.Release|ARM.ActiveCfg = Release|ARM
		{C937DC87-21E3-4FB2-B8B5-E68D0EB5F6D8}.Release|ARM.Build.0 = Release|ARM
		{C937DC87-21E3-4FB2-B8B5-E68D0EB5F6D8}.Release|ARM.Deploy.0 = Release|ARM
		{C937DC87-21E3-4FB2-B8B5-E68D0EB5F6D8}.Release|x64.ActiveCfg = Release|x64
		{C937DC87-21E3-4FB2-B8B5-E68D0EB5F6D8}.Release|x64.Build.0 = Release|x64
		{C937DC87-21E3-4FB2-B8B5-E68D0EB5F6D8}.Release|x64.Deploy.0 = Release|x64
		{C937DC87-21E3-4FB2-B8B5-E68D0EB5F6D8}.Release|x86.ActiveCfg = Release|x86
		{C937DC87-21E3-4FB2-B8B5-E68D0EB5F6D8}.Release|x86.Build.0 = Release|x86
		{C937DC87-21E3-4FB2-B8B5-E68D0EB5F6D8}.Release|x86.Deploy.0 = Release|x86
		{3E9E6F4C-2893-4148-8424-F1D15E806E8E}.Debug|Any CPU.ActiveCfg = Debug|Any CPU
		{3E9E6F4C-2893-4148-8424-F1D15E806E8E}.Debug|Any CPU.Build.0 = Debug|Any CPU
		{3E9E6F4C-2893-4148-8424-F1D15E806E8E}.Debug|ARM.ActiveCfg = Debug|Any CPU
		{3E9E6F4C-2893-4148-8424-F1D15E806E8E}.Debug|ARM.Build.0 = Debug|Any CPU
		{3E9E6F4C-2893-4148-8424-F1D15E806E8E}.Debug|x64.ActiveCfg = Debug|Any CPU
		{3E9E6F4C-2893-4148-8424-F1D15E806E8E}.Debug|x64.Build.0 = Debug|Any CPU
		{3E9E6F4C-2893-4148-8424-F1D15E806E8E}.Debug|x86.ActiveCfg = Debug|Any CPU
		{3E9E6F4C-2893-4148-8424-F1D15E806E8E}.Debug|x86.Build.0 = Debug|Any CPU
		{3E9E6F4C-2893-4148-8424-F1D15E806E8E}.Release|Any CPU.ActiveCfg = Release|Any CPU
		{3E9E6F4C-2893-4148-8424-F1D15E806E8E}.Release|Any CPU.Build.0 = Release|Any CPU
		{3E9E6F4C-2893-4148-8424-F1D15E806E8E}.Release|ARM.ActiveCfg = Release|Any CPU
		{3E9E6F4C-2893-4148-8424-F1D15E806E8E}.Release|ARM.Build.0 = Release|Any CPU
		{3E9E6F4C-2893-4148-8424-F1D15E806E8E}.Release|x64.ActiveCfg = Release|Any CPU
		{3E9E6F4C-2893-4148-8424-F1D15E806E8E}.Release|x64.Build.0 = Release|Any CPU
		{3E9E6F4C-2893-4148-8424-F1D15E806E8E}.Release|x86.ActiveCfg = Release|Any CPU
		{3E9E6F4C-2893-4148-8424-F1D15E806E8E}.Release|x86.Build.0 = Release|Any CPU
	EndGlobalSection
	GlobalSection(SolutionProperties) = preSolution
		HideSolutionNode = FALSE
	EndGlobalSection
EndGlobal
