
Microsoft Visual Studio Solution File, Format Version 12.00
# Visual Studio 14
VisualStudioVersion = 14.0.24720.0
MinimumVisualStudioVersion = 10.0.40219.1
Project("{FAE04EC0-301F-11D3-BF4B-00C04F79EFBC}") = "TagEditor.Lib", "TagEditor.Lib\TagEditor.Lib.csproj", "{5FE45D74-EF2B-44E2-9A54-656CFCED73BC}"
EndProject
Project("{FAE04EC0-301F-11D3-BF4B-00C04F79EFBC}") = "TagEditor.Tests", "TagEditor.Tests\TagEditor.Tests.csproj", "{2FB0A5FD-C807-43BE-808B-C86797B9A13D}"
EndProject
Global
	GlobalSection(SolutionConfigurationPlatforms) = preSolution
		Debug|Any CPU = Debug|Any CPU
		Release|Any CPU = Release|Any CPU
	EndGlobalSection
	GlobalSection(ProjectConfigurationPlatforms) = postSolution
		{5FE45D74-EF2B-44E2-9A54-656CFCED73BC}.Debug|Any CPU.ActiveCfg = Debug|Any CPU
		{5FE45D74-EF2B-44E2-9A54-656CFCED73BC}.Debug|Any CPU.Build.0 = Debug|Any CPU
		{5FE45D74-EF2B-44E2-9A54-656CFCED73BC}.Release|Any CPU.ActiveCfg = Release|Any CPU
		{5FE45D74-EF2B-44E2-9A54-656CFCED73BC}.Release|Any CPU.Build.0 = Release|Any CPU
		{2FB0A5FD-C807-43BE-808B-C86797B9A13D}.Debug|Any CPU.ActiveCfg = Debug|Any CPU
		{2FB0A5FD-C807-43BE-808B-C86797B9A13D}.Debug|Any CPU.Build.0 = Debug|Any CPU
		{2FB0A5FD-C807-43BE-808B-C86797B9A13D}.Release|Any CPU.ActiveCfg = Release|Any CPU
		{2FB0A5FD-C807-43BE-808B-C86797B9A13D}.Release|Any CPU.Build.0 = Release|Any CPU
	EndGlobalSection
	GlobalSection(SolutionProperties) = preSolution
		HideSolutionNode = FALSE
	EndGlobalSection
EndGlobal
